// !$*UTF8*$!
{
	archiveVersion = 1;
	classes = {
	};
	objectVersion = 51;
	objects = {

/* Begin PBXBuildFile section */
		2442501D5CC37B1540A6027A /* Pods_OfficialVistaValue.framework in Frameworks */ = {isa = PBXBuildFile; fileRef = 68B41502E3957374032640F5 /* Pods_OfficialVistaValue.framework */; };
		5C8A1E30117F1431B60B116F /* Pods_OfficialVistaValueTests.framework in Frameworks */ = {isa = PBXBuildFile; fileRef = 6A611A693B3B1D4089DCF696 /* Pods_OfficialVistaValueTests.framework */; };
		6F0ECCAF246C9390009C80BA /* AppDelegate.swift in Sources */ = {isa = PBXBuildFile; fileRef = 6F0ECCAE246C9390009C80BA /* AppDelegate.swift */; };
		6F0ECCB1246C9390009C80BA /* SceneDelegate.swift in Sources */ = {isa = PBXBuildFile; fileRef = 6F0ECCB0246C9390009C80BA /* SceneDelegate.swift */; };
		6F0ECCB3246C9390009C80BA /* ViewController.swift in Sources */ = {isa = PBXBuildFile; fileRef = 6F0ECCB2246C9390009C80BA /* ViewController.swift */; };
		6F0ECCB6246C9390009C80BA /* Main.storyboard in Resources */ = {isa = PBXBuildFile; fileRef = 6F0ECCB4246C9390009C80BA /* Main.storyboard */; };
		6F0ECCB8246C9392009C80BA /* Assets.xcassets in Resources */ = {isa = PBXBuildFile; fileRef = 6F0ECCB7246C9392009C80BA /* Assets.xcassets */; };
		6F0ECCBB246C9392009C80BA /* LaunchScreen.storyboard in Resources */ = {isa = PBXBuildFile; fileRef = 6F0ECCB9246C9392009C80BA /* LaunchScreen.storyboard */; };
		6F0ECCC6246C9392009C80BA /* OfficialVistaValueTests.swift in Sources */ = {isa = PBXBuildFile; fileRef = 6F0ECCC5246C9392009C80BA /* OfficialVistaValueTests.swift */; };
		6F0ECCD1246C9392009C80BA /* OfficialVistaValueUITests.swift in Sources */ = {isa = PBXBuildFile; fileRef = 6F0ECCD0246C9392009C80BA /* OfficialVistaValueUITests.swift */; };
		6F0ECCDF246C93EC009C80BA /* BackgroundView.swift in Sources */ = {isa = PBXBuildFile; fileRef = 6F0ECCDE246C93EC009C80BA /* BackgroundView.swift */; };
		D5397E99246F330800C99D49 /* Keys.swift in Sources */ = {isa = PBXBuildFile; fileRef = D5397E98246F330800C99D49 /* Keys.swift */; };
		D5588AEC246E483800B7E9AF /* CustomCell.swift in Sources */ = {isa = PBXBuildFile; fileRef = D5588AEB246E483800B7E9AF /* CustomCell.swift */; };
		D5675699246D0724005CF03D /* ScaleSegue.swift in Sources */ = {isa = PBXBuildFile; fileRef = D5675698246D0724005CF03D /* ScaleSegue.swift */; };
		D56756A2246D17B9005CF03D /* AddExpenseViewController.swift in Sources */ = {isa = PBXBuildFile; fileRef = D56756A1246D17B9005CF03D /* AddExpenseViewController.swift */; };
		D59776F4246EFE9C0088F08F /* 782-check-mark-success.json in Resources */ = {isa = PBXBuildFile; fileRef = D59776F3246EFE9C0088F08F /* 782-check-mark-success.json */; };
		D5CE36AD246DF5DB007D76DB /* NotificationNameExtension.swift in Sources */ = {isa = PBXBuildFile; fileRef = D5CE36AC246DF5DB007D76DB /* NotificationNameExtension.swift */; };
		EAB48C693FD98B9E812D2536 /* Pods_OfficialVistaValue_OfficialVistaValueUITests.framework in Frameworks */ = {isa = PBXBuildFile; fileRef = 32DBF77C96417BB5CDABDB8B /* Pods_OfficialVistaValue_OfficialVistaValueUITests.framework */; };
/* End PBXBuildFile section */

/* Begin PBXContainerItemProxy section */
		6F0ECCC2246C9392009C80BA /* PBXContainerItemProxy */ = {
			isa = PBXContainerItemProxy;
			containerPortal = 6F0ECCA3246C9390009C80BA /* Project object */;
			proxyType = 1;
			remoteGlobalIDString = 6F0ECCAA246C9390009C80BA;
			remoteInfo = OfficialVistaValue;
		};
		6F0ECCCD246C9392009C80BA /* PBXContainerItemProxy */ = {
			isa = PBXContainerItemProxy;
			containerPortal = 6F0ECCA3246C9390009C80BA /* Project object */;
			proxyType = 1;
			remoteGlobalIDString = 6F0ECCAA246C9390009C80BA;
			remoteInfo = OfficialVistaValue;
		};
/* End PBXContainerItemProxy section */

/* Begin PBXFileReference section */
		32DBF77C96417BB5CDABDB8B /* Pods_OfficialVistaValue_OfficialVistaValueUITests.framework */ = {isa = PBXFileReference; explicitFileType = wrapper.framework; includeInIndex = 0; path = Pods_OfficialVistaValue_OfficialVistaValueUITests.framework; sourceTree = BUILT_PRODUCTS_DIR; };
		51FDE4A8CB566B61CBD2A60D /* Pods-OfficialVistaValue.debug.xcconfig */ = {isa = PBXFileReference; includeInIndex = 1; lastKnownFileType = text.xcconfig; name = "Pods-OfficialVistaValue.debug.xcconfig"; path = "Target Support Files/Pods-OfficialVistaValue/Pods-OfficialVistaValue.debug.xcconfig"; sourceTree = "<group>"; };
		674EEC505C3197A080E0627D /* Pods-OfficialVistaValue-OfficialVistaValueUITests.debug.xcconfig */ = {isa = PBXFileReference; includeInIndex = 1; lastKnownFileType = text.xcconfig; name = "Pods-OfficialVistaValue-OfficialVistaValueUITests.debug.xcconfig"; path = "Target Support Files/Pods-OfficialVistaValue-OfficialVistaValueUITests/Pods-OfficialVistaValue-OfficialVistaValueUITests.debug.xcconfig"; sourceTree = "<group>"; };
		68B41502E3957374032640F5 /* Pods_OfficialVistaValue.framework */ = {isa = PBXFileReference; explicitFileType = wrapper.framework; includeInIndex = 0; path = Pods_OfficialVistaValue.framework; sourceTree = BUILT_PRODUCTS_DIR; };
		6A611A693B3B1D4089DCF696 /* Pods_OfficialVistaValueTests.framework */ = {isa = PBXFileReference; explicitFileType = wrapper.framework; includeInIndex = 0; path = Pods_OfficialVistaValueTests.framework; sourceTree = BUILT_PRODUCTS_DIR; };
		6F0ECCAB246C9390009C80BA /* OfficialVistaValue.app */ = {isa = PBXFileReference; explicitFileType = wrapper.application; includeInIndex = 0; path = OfficialVistaValue.app; sourceTree = BUILT_PRODUCTS_DIR; };
		6F0ECCAE246C9390009C80BA /* AppDelegate.swift */ = {isa = PBXFileReference; lastKnownFileType = sourcecode.swift; path = AppDelegate.swift; sourceTree = "<group>"; };
		6F0ECCB0246C9390009C80BA /* SceneDelegate.swift */ = {isa = PBXFileReference; lastKnownFileType = sourcecode.swift; path = SceneDelegate.swift; sourceTree = "<group>"; };
		6F0ECCB2246C9390009C80BA /* ViewController.swift */ = {isa = PBXFileReference; lastKnownFileType = sourcecode.swift; path = ViewController.swift; sourceTree = "<group>"; };
		6F0ECCB5246C9390009C80BA /* Base */ = {isa = PBXFileReference; lastKnownFileType = file.storyboard; name = Base; path = Base.lproj/Main.storyboard; sourceTree = "<group>"; };
		6F0ECCB7246C9392009C80BA /* Assets.xcassets */ = {isa = PBXFileReference; lastKnownFileType = folder.assetcatalog; path = Assets.xcassets; sourceTree = "<group>"; };
		6F0ECCBA246C9392009C80BA /* Base */ = {isa = PBXFileReference; lastKnownFileType = file.storyboard; name = Base; path = Base.lproj/LaunchScreen.storyboard; sourceTree = "<group>"; };
		6F0ECCBC246C9392009C80BA /* Info.plist */ = {isa = PBXFileReference; lastKnownFileType = text.plist.xml; path = Info.plist; sourceTree = "<group>"; };
		6F0ECCC1246C9392009C80BA /* OfficialVistaValueTests.xctest */ = {isa = PBXFileReference; explicitFileType = wrapper.cfbundle; includeInIndex = 0; path = OfficialVistaValueTests.xctest; sourceTree = BUILT_PRODUCTS_DIR; };
		6F0ECCC5246C9392009C80BA /* OfficialVistaValueTests.swift */ = {isa = PBXFileReference; lastKnownFileType = sourcecode.swift; path = OfficialVistaValueTests.swift; sourceTree = "<group>"; };
		6F0ECCC7246C9392009C80BA /* Info.plist */ = {isa = PBXFileReference; lastKnownFileType = text.plist.xml; path = Info.plist; sourceTree = "<group>"; };
		6F0ECCCC246C9392009C80BA /* OfficialVistaValueUITests.xctest */ = {isa = PBXFileReference; explicitFileType = wrapper.cfbundle; includeInIndex = 0; path = OfficialVistaValueUITests.xctest; sourceTree = BUILT_PRODUCTS_DIR; };
		6F0ECCD0246C9392009C80BA /* OfficialVistaValueUITests.swift */ = {isa = PBXFileReference; lastKnownFileType = sourcecode.swift; path = OfficialVistaValueUITests.swift; sourceTree = "<group>"; };
		6F0ECCD2246C9392009C80BA /* Info.plist */ = {isa = PBXFileReference; lastKnownFileType = text.plist.xml; path = Info.plist; sourceTree = "<group>"; };
		6F0ECCDE246C93EC009C80BA /* BackgroundView.swift */ = {isa = PBXFileReference; lastKnownFileType = sourcecode.swift; path = BackgroundView.swift; sourceTree = "<group>"; };
		920F7B99707F99C671EF7F31 /* Pods-OfficialVistaValueTests.debug.xcconfig */ = {isa = PBXFileReference; includeInIndex = 1; lastKnownFileType = text.xcconfig; name = "Pods-OfficialVistaValueTests.debug.xcconfig"; path = "Target Support Files/Pods-OfficialVistaValueTests/Pods-OfficialVistaValueTests.debug.xcconfig"; sourceTree = "<group>"; };
		9D15B210A745A65B4CAF3698 /* Pods-OfficialVistaValue.release.xcconfig */ = {isa = PBXFileReference; includeInIndex = 1; lastKnownFileType = text.xcconfig; name = "Pods-OfficialVistaValue.release.xcconfig"; path = "Target Support Files/Pods-OfficialVistaValue/Pods-OfficialVistaValue.release.xcconfig"; sourceTree = "<group>"; };
		CB29E76CF3EEE81B55281390 /* Pods-OfficialVistaValue-OfficialVistaValueUITests.release.xcconfig */ = {isa = PBXFileReference; includeInIndex = 1; lastKnownFileType = text.xcconfig; name = "Pods-OfficialVistaValue-OfficialVistaValueUITests.release.xcconfig"; path = "Target Support Files/Pods-OfficialVistaValue-OfficialVistaValueUITests/Pods-OfficialVistaValue-OfficialVistaValueUITests.release.xcconfig"; sourceTree = "<group>"; };
		D5397E98246F330800C99D49 /* Keys.swift */ = {isa = PBXFileReference; lastKnownFileType = sourcecode.swift; path = Keys.swift; sourceTree = "<group>"; };
		D5588AEB246E483800B7E9AF /* CustomCell.swift */ = {isa = PBXFileReference; lastKnownFileType = sourcecode.swift; path = CustomCell.swift; sourceTree = "<group>"; };
		D5675698246D0724005CF03D /* ScaleSegue.swift */ = {isa = PBXFileReference; lastKnownFileType = sourcecode.swift; path = ScaleSegue.swift; sourceTree = "<group>"; };
		D56756A1246D17B9005CF03D /* AddExpenseViewController.swift */ = {isa = PBXFileReference; lastKnownFileType = sourcecode.swift; path = AddExpenseViewController.swift; sourceTree = "<group>"; };
		D59776F3246EFE9C0088F08F /* 782-check-mark-success.json */ = {isa = PBXFileReference; fileEncoding = 4; lastKnownFileType = text.json; path = "782-check-mark-success.json"; sourceTree = "<group>"; };
		D5CE36AC246DF5DB007D76DB /* NotificationNameExtension.swift */ = {isa = PBXFileReference; lastKnownFileType = sourcecode.swift; path = NotificationNameExtension.swift; sourceTree = "<group>"; };
		F3150F38C49DC68BC9B45146 /* Pods-OfficialVistaValueTests.release.xcconfig */ = {isa = PBXFileReference; includeInIndex = 1; lastKnownFileType = text.xcconfig; name = "Pods-OfficialVistaValueTests.release.xcconfig"; path = "Target Support Files/Pods-OfficialVistaValueTests/Pods-OfficialVistaValueTests.release.xcconfig"; sourceTree = "<group>"; };
/* End PBXFileReference section */

/* Begin PBXFrameworksBuildPhase section */
		6F0ECCA8246C9390009C80BA /* Frameworks */ = {
			isa = PBXFrameworksBuildPhase;
			buildActionMask = 2147483647;
			files = (
				2442501D5CC37B1540A6027A /* Pods_OfficialVistaValue.framework in Frameworks */,
			);
			runOnlyForDeploymentPostprocessing = 0;
		};
		6F0ECCBE246C9392009C80BA /* Frameworks */ = {
			isa = PBXFrameworksBuildPhase;
			buildActionMask = 2147483647;
			files = (
				5C8A1E30117F1431B60B116F /* Pods_OfficialVistaValueTests.framework in Frameworks */,
			);
			runOnlyForDeploymentPostprocessing = 0;
		};
		6F0ECCC9246C9392009C80BA /* Frameworks */ = {
			isa = PBXFrameworksBuildPhase;
			buildActionMask = 2147483647;
			files = (
				EAB48C693FD98B9E812D2536 /* Pods_OfficialVistaValue_OfficialVistaValueUITests.framework in Frameworks */,
			);
			runOnlyForDeploymentPostprocessing = 0;
		};
/* End PBXFrameworksBuildPhase section */

/* Begin PBXGroup section */
		0B97C9C3A4861C0A71E1B0C3 /* Pods */ = {
			isa = PBXGroup;
			children = (
				51FDE4A8CB566B61CBD2A60D /* Pods-OfficialVistaValue.debug.xcconfig */,
				9D15B210A745A65B4CAF3698 /* Pods-OfficialVistaValue.release.xcconfig */,
				674EEC505C3197A080E0627D /* Pods-OfficialVistaValue-OfficialVistaValueUITests.debug.xcconfig */,
				CB29E76CF3EEE81B55281390 /* Pods-OfficialVistaValue-OfficialVistaValueUITests.release.xcconfig */,
				920F7B99707F99C671EF7F31 /* Pods-OfficialVistaValueTests.debug.xcconfig */,
				F3150F38C49DC68BC9B45146 /* Pods-OfficialVistaValueTests.release.xcconfig */,
			);
			path = Pods;
			sourceTree = "<group>";
		};
		6F0ECCA2246C9390009C80BA = {
			isa = PBXGroup;
			children = (
				6F0ECCAD246C9390009C80BA /* OfficialVistaValue */,
				6F0ECCC4246C9392009C80BA /* OfficialVistaValueTests */,
				6F0ECCCF246C9392009C80BA /* OfficialVistaValueUITests */,
				6F0ECCAC246C9390009C80BA /* Products */,
				0B97C9C3A4861C0A71E1B0C3 /* Pods */,
				B9B8A24571099A96804A7B40 /* Frameworks */,
			);
			sourceTree = "<group>";
		};
		6F0ECCAC246C9390009C80BA /* Products */ = {
			isa = PBXGroup;
			children = (
				6F0ECCAB246C9390009C80BA /* OfficialVistaValue.app */,
				6F0ECCC1246C9392009C80BA /* OfficialVistaValueTests.xctest */,
				6F0ECCCC246C9392009C80BA /* OfficialVistaValueUITests.xctest */,
			);
			name = Products;
			sourceTree = "<group>";
		};
		6F0ECCAD246C9390009C80BA /* OfficialVistaValue */ = {
			isa = PBXGroup;
			children = (
				6F0ECCB4246C9390009C80BA /* Main.storyboard */,
				D59776F3246EFE9C0088F08F /* 782-check-mark-success.json */,
				D5675698246D0724005CF03D /* ScaleSegue.swift */,
				6F0ECCAE246C9390009C80BA /* AppDelegate.swift */,
				D5397E98246F330800C99D49 /* Keys.swift */,
				6F0ECCB0246C9390009C80BA /* SceneDelegate.swift */,
				6F0ECCDE246C93EC009C80BA /* BackgroundView.swift */,
				D587997C246E60DF003E3FD1 /* Table View */,
				D5CE36AC246DF5DB007D76DB /* NotificationNameExtension.swift */,
				D5675693246CFCBC005CF03D /* View Controllers */,
				6F0ECCB7246C9392009C80BA /* Assets.xcassets */,
				6F0ECCB9246C9392009C80BA /* LaunchScreen.storyboard */,
				6F0ECCBC246C9392009C80BA /* Info.plist */,
			);
			path = OfficialVistaValue;
			sourceTree = "<group>";
		};
		6F0ECCC4246C9392009C80BA /* OfficialVistaValueTests */ = {
			isa = PBXGroup;
			children = (
				6F0ECCC5246C9392009C80BA /* OfficialVistaValueTests.swift */,
				6F0ECCC7246C9392009C80BA /* Info.plist */,
			);
			path = OfficialVistaValueTests;
			sourceTree = "<group>";
		};
		6F0ECCCF246C9392009C80BA /* OfficialVistaValueUITests */ = {
			isa = PBXGroup;
			children = (
				6F0ECCD0246C9392009C80BA /* OfficialVistaValueUITests.swift */,
				6F0ECCD2246C9392009C80BA /* Info.plist */,
			);
			path = OfficialVistaValueUITests;
			sourceTree = "<group>";
		};
		B9B8A24571099A96804A7B40 /* Frameworks */ = {
			isa = PBXGroup;
			children = (
				68B41502E3957374032640F5 /* Pods_OfficialVistaValue.framework */,
				32DBF77C96417BB5CDABDB8B /* Pods_OfficialVistaValue_OfficialVistaValueUITests.framework */,
				6A611A693B3B1D4089DCF696 /* Pods_OfficialVistaValueTests.framework */,
			);
			name = Frameworks;
			sourceTree = "<group>";
		};
		D5675693246CFCBC005CF03D /* View Controllers */ = {
			isa = PBXGroup;
			children = (
				6F0ECCB2246C9390009C80BA /* ViewController.swift */,
				D56756A1246D17B9005CF03D /* AddExpenseViewController.swift */,
			);
			path = "View Controllers";
			sourceTree = "<group>";
		};
		D587997C246E60DF003E3FD1 /* Table View */ = {
			isa = PBXGroup;
			children = (
				D5588AEB246E483800B7E9AF /* CustomCell.swift */,
			);
			path = "Table View";
			sourceTree = "<group>";
		};
/* End PBXGroup section */

/* Begin PBXNativeTarget section */
		6F0ECCAA246C9390009C80BA /* OfficialVistaValue */ = {
			isa = PBXNativeTarget;
			buildConfigurationList = 6F0ECCD5246C9392009C80BA /* Build configuration list for PBXNativeTarget "OfficialVistaValue" */;
			buildPhases = (
				C3BAFB33767CDF3E2CE34C39 /* [CP] Check Pods Manifest.lock */,
				6F0ECCA7246C9390009C80BA /* Sources */,
				6F0ECCA8246C9390009C80BA /* Frameworks */,
				6F0ECCA9246C9390009C80BA /* Resources */,
				9201E31C2A4BCA80B5FA3FF5 /* [CP] Embed Pods Frameworks */,
			);
			buildRules = (
			);
			dependencies = (
			);
			name = OfficialVistaValue;
			productName = OfficialVistaValue;
			productReference = 6F0ECCAB246C9390009C80BA /* OfficialVistaValue.app */;
			productType = "com.apple.product-type.application";
		};
		6F0ECCC0246C9392009C80BA /* OfficialVistaValueTests */ = {
			isa = PBXNativeTarget;
			buildConfigurationList = 6F0ECCD8246C9392009C80BA /* Build configuration list for PBXNativeTarget "OfficialVistaValueTests" */;
			buildPhases = (
				4E638980234135B58325DB87 /* [CP] Check Pods Manifest.lock */,
				6F0ECCBD246C9392009C80BA /* Sources */,
				6F0ECCBE246C9392009C80BA /* Frameworks */,
				6F0ECCBF246C9392009C80BA /* Resources */,
			);
			buildRules = (
			);
			dependencies = (
				6F0ECCC3246C9392009C80BA /* PBXTargetDependency */,
			);
			name = OfficialVistaValueTests;
			productName = OfficialVistaValueTests;
			productReference = 6F0ECCC1246C9392009C80BA /* OfficialVistaValueTests.xctest */;
			productType = "com.apple.product-type.bundle.unit-test";
		};
		6F0ECCCB246C9392009C80BA /* OfficialVistaValueUITests */ = {
			isa = PBXNativeTarget;
			buildConfigurationList = 6F0ECCDB246C9392009C80BA /* Build configuration list for PBXNativeTarget "OfficialVistaValueUITests" */;
			buildPhases = (
				BEEEED9EAD7218C4AB9E64AC /* [CP] Check Pods Manifest.lock */,
				6F0ECCC8246C9392009C80BA /* Sources */,
				6F0ECCC9246C9392009C80BA /* Frameworks */,
				6F0ECCCA246C9392009C80BA /* Resources */,
				D5A7D4029932DB412E4174D6 /* [CP] Embed Pods Frameworks */,
			);
			buildRules = (
			);
			dependencies = (
				6F0ECCCE246C9392009C80BA /* PBXTargetDependency */,
			);
			name = OfficialVistaValueUITests;
			productName = OfficialVistaValueUITests;
			productReference = 6F0ECCCC246C9392009C80BA /* OfficialVistaValueUITests.xctest */;
			productType = "com.apple.product-type.bundle.ui-testing";
		};
/* End PBXNativeTarget section */

/* Begin PBXProject section */
		6F0ECCA3246C9390009C80BA /* Project object */ = {
			isa = PBXProject;
			attributes = {
				LastSwiftUpdateCheck = 1130;
				LastUpgradeCheck = 1130;
				ORGANIZATIONNAME = "Komal Shrivastava";
				TargetAttributes = {
					6F0ECCAA246C9390009C80BA = {
						CreatedOnToolsVersion = 11.3;
					};
					6F0ECCC0246C9392009C80BA = {
						CreatedOnToolsVersion = 11.3;
						TestTargetID = 6F0ECCAA246C9390009C80BA;
					};
					6F0ECCCB246C9392009C80BA = {
						CreatedOnToolsVersion = 11.3;
						TestTargetID = 6F0ECCAA246C9390009C80BA;
					};
				};
			};
			buildConfigurationList = 6F0ECCA6246C9390009C80BA /* Build configuration list for PBXProject "OfficialVistaValue" */;
			compatibilityVersion = "Xcode 9.3";
			developmentRegion = en;
			hasScannedForEncodings = 0;
			knownRegions = (
				en,
				Base,
			);
			mainGroup = 6F0ECCA2246C9390009C80BA;
			productRefGroup = 6F0ECCAC246C9390009C80BA /* Products */;
			projectDirPath = "";
			projectRoot = "";
			targets = (
				6F0ECCAA246C9390009C80BA /* OfficialVistaValue */,
				6F0ECCC0246C9392009C80BA /* OfficialVistaValueTests */,
				6F0ECCCB246C9392009C80BA /* OfficialVistaValueUITests */,
			);
		};
/* End PBXProject section */

/* Begin PBXResourcesBuildPhase section */
		6F0ECCA9246C9390009C80BA /* Resources */ = {
			isa = PBXResourcesBuildPhase;
			buildActionMask = 2147483647;
			files = (
				6F0ECCBB246C9392009C80BA /* LaunchScreen.storyboard in Resources */,
				D59776F4246EFE9C0088F08F /* 782-check-mark-success.json in Resources */,
				6F0ECCB8246C9392009C80BA /* Assets.xcassets in Resources */,
				6F0ECCB6246C9390009C80BA /* Main.storyboard in Resources */,
			);
			runOnlyForDeploymentPostprocessing = 0;
		};
		6F0ECCBF246C9392009C80BA /* Resources */ = {
			isa = PBXResourcesBuildPhase;
			buildActionMask = 2147483647;
			files = (
			);
			runOnlyForDeploymentPostprocessing = 0;
		};
		6F0ECCCA246C9392009C80BA /* Resources */ = {
			isa = PBXResourcesBuildPhase;
			buildActionMask = 2147483647;
			files = (
			);
			runOnlyForDeploymentPostprocessing = 0;
		};
/* End PBXResourcesBuildPhase section */

/* Begin PBXShellScriptBuildPhase section */
		4E638980234135B58325DB87 /* [CP] Check Pods Manifest.lock */ = {
			isa = PBXShellScriptBuildPhase;
			buildActionMask = 2147483647;
			files = (
			);
			inputFileListPaths = (
			);
			inputPaths = (
				"${PODS_PODFILE_DIR_PATH}/Podfile.lock",
				"${PODS_ROOT}/Manifest.lock",
			);
			name = "[CP] Check Pods Manifest.lock";
			outputFileListPaths = (
			);
			outputPaths = (
				"$(DERIVED_FILE_DIR)/Pods-OfficialVistaValueTests-checkManifestLockResult.txt",
			);
			runOnlyForDeploymentPostprocessing = 0;
			shellPath = /bin/sh;
			shellScript = "diff \"${PODS_PODFILE_DIR_PATH}/Podfile.lock\" \"${PODS_ROOT}/Manifest.lock\" > /dev/null\nif [ $? != 0 ] ; then\n    # print error to STDERR\n    echo \"error: The sandbox is not in sync with the Podfile.lock. Run 'pod install' or update your CocoaPods installation.\" >&2\n    exit 1\nfi\n# This output is used by Xcode 'outputs' to avoid re-running this script phase.\necho \"SUCCESS\" > \"${SCRIPT_OUTPUT_FILE_0}\"\n";
			showEnvVarsInLog = 0;
		};
		9201E31C2A4BCA80B5FA3FF5 /* [CP] Embed Pods Frameworks */ = {
			isa = PBXShellScriptBuildPhase;
			buildActionMask = 2147483647;
			files = (
			);
			inputFileListPaths = (
				"${PODS_ROOT}/Target Support Files/Pods-OfficialVistaValue/Pods-OfficialVistaValue-frameworks-${CONFIGURATION}-input-files.xcfilelist",
			);
			name = "[CP] Embed Pods Frameworks";
			outputFileListPaths = (
				"${PODS_ROOT}/Target Support Files/Pods-OfficialVistaValue/Pods-OfficialVistaValue-frameworks-${CONFIGURATION}-output-files.xcfilelist",
			);
			runOnlyForDeploymentPostprocessing = 0;
			shellPath = /bin/sh;
			shellScript = "\"${PODS_ROOT}/Target Support Files/Pods-OfficialVistaValue/Pods-OfficialVistaValue-frameworks.sh\"\n";
			showEnvVarsInLog = 0;
		};
		BEEEED9EAD7218C4AB9E64AC /* [CP] Check Pods Manifest.lock */ = {
			isa = PBXShellScriptBuildPhase;
			buildActionMask = 2147483647;
			files = (
			);
			inputFileListPaths = (
			);
			inputPaths = (
				"${PODS_PODFILE_DIR_PATH}/Podfile.lock",
				"${PODS_ROOT}/Manifest.lock",
			);
			name = "[CP] Check Pods Manifest.lock";
			outputFileListPaths = (
			);
			outputPaths = (
				"$(DERIVED_FILE_DIR)/Pods-OfficialVistaValue-OfficialVistaValueUITests-checkManifestLockResult.txt",
			);
			runOnlyForDeploymentPostprocessing = 0;
			shellPath = /bin/sh;
			shellScript = "diff \"${PODS_PODFILE_DIR_PATH}/Podfile.lock\" \"${PODS_ROOT}/Manifest.lock\" > /dev/null\nif [ $? != 0 ] ; then\n    # print error to STDERR\n    echo \"error: The sandbox is not in sync with the Podfile.lock. Run 'pod install' or update your CocoaPods installation.\" >&2\n    exit 1\nfi\n# This output is used by Xcode 'outputs' to avoid re-running this script phase.\necho \"SUCCESS\" > \"${SCRIPT_OUTPUT_FILE_0}\"\n";
			showEnvVarsInLog = 0;
		};
		C3BAFB33767CDF3E2CE34C39 /* [CP] Check Pods Manifest.lock */ = {
			isa = PBXShellScriptBuildPhase;
			buildActionMask = 2147483647;
			files = (
			);
			inputFileListPaths = (
			);
			inputPaths = (
				"${PODS_PODFILE_DIR_PATH}/Podfile.lock",
				"${PODS_ROOT}/Manifest.lock",
			);
			name = "[CP] Check Pods Manifest.lock";
			outputFileListPaths = (
			);
			outputPaths = (
				"$(DERIVED_FILE_DIR)/Pods-OfficialVistaValue-checkManifestLockResult.txt",
			);
			runOnlyForDeploymentPostprocessing = 0;
			shellPath = /bin/sh;
			shellScript = "diff \"${PODS_PODFILE_DIR_PATH}/Podfile.lock\" \"${PODS_ROOT}/Manifest.lock\" > /dev/null\nif [ $? != 0 ] ; then\n    # print error to STDERR\n    echo \"error: The sandbox is not in sync with the Podfile.lock. Run 'pod install' or update your CocoaPods installation.\" >&2\n    exit 1\nfi\n# This output is used by Xcode 'outputs' to avoid re-running this script phase.\necho \"SUCCESS\" > \"${SCRIPT_OUTPUT_FILE_0}\"\n";
			showEnvVarsInLog = 0;
		};
		D5A7D4029932DB412E4174D6 /* [CP] Embed Pods Frameworks */ = {
			isa = PBXShellScriptBuildPhase;
			buildActionMask = 2147483647;
			files = (
			);
			inputFileListPaths = (
				"${PODS_ROOT}/Target Support Files/Pods-OfficialVistaValue-OfficialVistaValueUITests/Pods-OfficialVistaValue-OfficialVistaValueUITests-frameworks-${CONFIGURATION}-input-files.xcfilelist",
			);
			name = "[CP] Embed Pods Frameworks";
			outputFileListPaths = (
				"${PODS_ROOT}/Target Support Files/Pods-OfficialVistaValue-OfficialVistaValueUITests/Pods-OfficialVistaValue-OfficialVistaValueUITests-frameworks-${CONFIGURATION}-output-files.xcfilelist",
			);
			runOnlyForDeploymentPostprocessing = 0;
			shellPath = /bin/sh;
			shellScript = "\"${PODS_ROOT}/Target Support Files/Pods-OfficialVistaValue-OfficialVistaValueUITests/Pods-OfficialVistaValue-OfficialVistaValueUITests-frameworks.sh\"\n";
			showEnvVarsInLog = 0;
		};
/* End PBXShellScriptBuildPhase section */

/* Begin PBXSourcesBuildPhase section */
		6F0ECCA7246C9390009C80BA /* Sources */ = {
			isa = PBXSourcesBuildPhase;
			buildActionMask = 2147483647;
			files = (
				D5CE36AD246DF5DB007D76DB /* NotificationNameExtension.swift in Sources */,
				6F0ECCB3246C9390009C80BA /* ViewController.swift in Sources */,
				6F0ECCAF246C9390009C80BA /* AppDelegate.swift in Sources */,
				D5675699246D0724005CF03D /* ScaleSegue.swift in Sources */,
				D56756A2246D17B9005CF03D /* AddExpenseViewController.swift in Sources */,
				6F0ECCDF246C93EC009C80BA /* BackgroundView.swift in Sources */,
				D5588AEC246E483800B7E9AF /* CustomCell.swift in Sources */,
				D5397E99246F330800C99D49 /* Keys.swift in Sources */,
				6F0ECCB1246C9390009C80BA /* SceneDelegate.swift in Sources */,
			);
			runOnlyForDeploymentPostprocessing = 0;
		};
		6F0ECCBD246C9392009C80BA /* Sources */ = {
			isa = PBXSourcesBuildPhase;
			buildActionMask = 2147483647;
			files = (
				6F0ECCC6246C9392009C80BA /* OfficialVistaValueTests.swift in Sources */,
			);
			runOnlyForDeploymentPostprocessing = 0;
		};
		6F0ECCC8246C9392009C80BA /* Sources */ = {
			isa = PBXSourcesBuildPhase;
			buildActionMask = 2147483647;
			files = (
				6F0ECCD1246C9392009C80BA /* OfficialVistaValueUITests.swift in Sources */,
			);
			runOnlyForDeploymentPostprocessing = 0;
		};
/* End PBXSourcesBuildPhase section */

/* Begin PBXTargetDependency section */
		6F0ECCC3246C9392009C80BA /* PBXTargetDependency */ = {
			isa = PBXTargetDependency;
			target = 6F0ECCAA246C9390009C80BA /* OfficialVistaValue */;
			targetProxy = 6F0ECCC2246C9392009C80BA /* PBXContainerItemProxy */;
		};
		6F0ECCCE246C9392009C80BA /* PBXTargetDependency */ = {
			isa = PBXTargetDependency;
			target = 6F0ECCAA246C9390009C80BA /* OfficialVistaValue */;
			targetProxy = 6F0ECCCD246C9392009C80BA /* PBXContainerItemProxy */;
		};
/* End PBXTargetDependency section */

/* Begin PBXVariantGroup section */
		6F0ECCB4246C9390009C80BA /* Main.storyboard */ = {
			isa = PBXVariantGroup;
			children = (
				6F0ECCB5246C9390009C80BA /* Base */,
			);
			name = Main.storyboard;
			sourceTree = "<group>";
		};
		6F0ECCB9246C9392009C80BA /* LaunchScreen.storyboard */ = {
			isa = PBXVariantGroup;
			children = (
				6F0ECCBA246C9392009C80BA /* Base */,
			);
			name = LaunchScreen.storyboard;
			sourceTree = "<group>";
		};
/* End PBXVariantGroup section */

/* Begin XCBuildConfiguration section */
		6F0ECCD3246C9392009C80BA /* Debug */ = {
			isa = XCBuildConfiguration;
			buildSettings = {
				ALWAYS_SEARCH_USER_PATHS = NO;
				CLANG_ANALYZER_NONNULL = YES;
				CLANG_ANALYZER_NUMBER_OBJECT_CONVERSION = YES_AGGRESSIVE;
				CLANG_CXX_LANGUAGE_STANDARD = "gnu++14";
				CLANG_CXX_LIBRARY = "libc++";
				CLANG_ENABLE_MODULES = YES;
				CLANG_ENABLE_OBJC_ARC = YES;
				CLANG_ENABLE_OBJC_WEAK = YES;
				CLANG_WARN_BLOCK_CAPTURE_AUTORELEASING = YES;
				CLANG_WARN_BOOL_CONVERSION = YES;
				CLANG_WARN_COMMA = YES;
				CLANG_WARN_CONSTANT_CONVERSION = YES;
				CLANG_WARN_DEPRECATED_OBJC_IMPLEMENTATIONS = YES;
				CLANG_WARN_DIRECT_OBJC_ISA_USAGE = YES_ERROR;
				CLANG_WARN_DOCUMENTATION_COMMENTS = YES;
				CLANG_WARN_EMPTY_BODY = YES;
				CLANG_WARN_ENUM_CONVERSION = YES;
				CLANG_WARN_INFINITE_RECURSION = YES;
				CLANG_WARN_INT_CONVERSION = YES;
				CLANG_WARN_NON_LITERAL_NULL_CONVERSION = YES;
				CLANG_WARN_OBJC_IMPLICIT_RETAIN_SELF = YES;
				CLANG_WARN_OBJC_LITERAL_CONVERSION = YES;
				CLANG_WARN_OBJC_ROOT_CLASS = YES_ERROR;
				CLANG_WARN_RANGE_LOOP_ANALYSIS = YES;
				CLANG_WARN_STRICT_PROTOTYPES = YES;
				CLANG_WARN_SUSPICIOUS_MOVE = YES;
				CLANG_WARN_UNGUARDED_AVAILABILITY = YES_AGGRESSIVE;
				CLANG_WARN_UNREACHABLE_CODE = YES;
				CLANG_WARN__DUPLICATE_METHOD_MATCH = YES;
				COPY_PHASE_STRIP = NO;
				DEBUG_INFORMATION_FORMAT = dwarf;
				ENABLE_STRICT_OBJC_MSGSEND = YES;
				ENABLE_TESTABILITY = YES;
				GCC_C_LANGUAGE_STANDARD = gnu11;
				GCC_DYNAMIC_NO_PIC = NO;
				GCC_NO_COMMON_BLOCKS = YES;
				GCC_OPTIMIZATION_LEVEL = 0;
				GCC_PREPROCESSOR_DEFINITIONS = (
					"DEBUG=1",
					"$(inherited)",
				);
				GCC_WARN_64_TO_32_BIT_CONVERSION = YES;
				GCC_WARN_ABOUT_RETURN_TYPE = YES_ERROR;
				GCC_WARN_UNDECLARED_SELECTOR = YES;
				GCC_WARN_UNINITIALIZED_AUTOS = YES_AGGRESSIVE;
				GCC_WARN_UNUSED_FUNCTION = YES;
				GCC_WARN_UNUSED_VARIABLE = YES;
				IPHONEOS_DEPLOYMENT_TARGET = 13.2;
				MTL_ENABLE_DEBUG_INFO = INCLUDE_SOURCE;
				MTL_FAST_MATH = YES;
				ONLY_ACTIVE_ARCH = YES;
				SDKROOT = iphoneos;
				SWIFT_ACTIVE_COMPILATION_CONDITIONS = DEBUG;
				SWIFT_OPTIMIZATION_LEVEL = "-Onone";
			};
			name = Debug;
		};
		6F0ECCD4246C9392009C80BA /* Release */ = {
			isa = XCBuildConfiguration;
			buildSettings = {
				ALWAYS_SEARCH_USER_PATHS = NO;
				CLANG_ANALYZER_NONNULL = YES;
				CLANG_ANALYZER_NUMBER_OBJECT_CONVERSION = YES_AGGRESSIVE;
				CLANG_CXX_LANGUAGE_STANDARD = "gnu++14";
				CLANG_CXX_LIBRARY = "libc++";
				CLANG_ENABLE_MODULES = YES;
				CLANG_ENABLE_OBJC_ARC = YES;
				CLANG_ENABLE_OBJC_WEAK = YES;
				CLANG_WARN_BLOCK_CAPTURE_AUTORELEASING = YES;
				CLANG_WARN_BOOL_CONVERSION = YES;
				CLANG_WARN_COMMA = YES;
				CLANG_WARN_CONSTANT_CONVERSION = YES;
				CLANG_WARN_DEPRECATED_OBJC_IMPLEMENTATIONS = YES;
				CLANG_WARN_DIRECT_OBJC_ISA_USAGE = YES_ERROR;
				CLANG_WARN_DOCUMENTATION_COMMENTS = YES;
				CLANG_WARN_EMPTY_BODY = YES;
				CLANG_WARN_ENUM_CONVERSION = YES;
				CLANG_WARN_INFINITE_RECURSION = YES;
				CLANG_WARN_INT_CONVERSION = YES;
				CLANG_WARN_NON_LITERAL_NULL_CONVERSION = YES;
				CLANG_WARN_OBJC_IMPLICIT_RETAIN_SELF = YES;
				CLANG_WARN_OBJC_LITERAL_CONVERSION = YES;
				CLANG_WARN_OBJC_ROOT_CLASS = YES_ERROR;
				CLANG_WARN_RANGE_LOOP_ANALYSIS = YES;
				CLANG_WARN_STRICT_PROTOTYPES = YES;
				CLANG_WARN_SUSPICIOUS_MOVE = YES;
				CLANG_WARN_UNGUARDED_AVAILABILITY = YES_AGGRESSIVE;
				CLANG_WARN_UNREACHABLE_CODE = YES;
				CLANG_WARN__DUPLICATE_METHOD_MATCH = YES;
				COPY_PHASE_STRIP = NO;
				DEBUG_INFORMATION_FORMAT = "dwarf-with-dsym";
				ENABLE_NS_ASSERTIONS = NO;
				ENABLE_STRICT_OBJC_MSGSEND = YES;
				GCC_C_LANGUAGE_STANDARD = gnu11;
				GCC_NO_COMMON_BLOCKS = YES;
				GCC_WARN_64_TO_32_BIT_CONVERSION = YES;
				GCC_WARN_ABOUT_RETURN_TYPE = YES_ERROR;
				GCC_WARN_UNDECLARED_SELECTOR = YES;
				GCC_WARN_UNINITIALIZED_AUTOS = YES_AGGRESSIVE;
				GCC_WARN_UNUSED_FUNCTION = YES;
				GCC_WARN_UNUSED_VARIABLE = YES;
				IPHONEOS_DEPLOYMENT_TARGET = 13.2;
				MTL_ENABLE_DEBUG_INFO = NO;
				MTL_FAST_MATH = YES;
				SDKROOT = iphoneos;
				SWIFT_COMPILATION_MODE = wholemodule;
				SWIFT_OPTIMIZATION_LEVEL = "-O";
				VALIDATE_PRODUCT = YES;
			};
			name = Release;
		};
		6F0ECCD6246C9392009C80BA /* Debug */ = {
			isa = XCBuildConfiguration;
			baseConfigurationReference = 51FDE4A8CB566B61CBD2A60D /* Pods-OfficialVistaValue.debug.xcconfig */;
			buildSettings = {
				ASSETCATALOG_COMPILER_APPICON_NAME = AppIcon;
				CODE_SIGN_STYLE = Automatic;
				INFOPLIST_FILE = OfficialVistaValue/Info.plist;
				LD_RUNPATH_SEARCH_PATHS = (
					"$(inherited)",
					"@executable_path/Frameworks",
				);
				PRODUCT_BUNDLE_IDENTIFIER = komal.OfficialVistaValue;
				PRODUCT_NAME = "$(TARGET_NAME)";
				SWIFT_VERSION = 5.0;
				TARGETED_DEVICE_FAMILY = "1,2";
			};
			name = Debug;
		};
		6F0ECCD7246C9392009C80BA /* Release */ = {
			isa = XCBuildConfiguration;
			baseConfigurationReference = 9D15B210A745A65B4CAF3698 /* Pods-OfficialVistaValue.release.xcconfig */;
			buildSettings = {
				ASSETCATALOG_COMPILER_APPICON_NAME = AppIcon;
				CODE_SIGN_STYLE = Automatic;
				INFOPLIST_FILE = OfficialVistaValue/Info.plist;
				LD_RUNPATH_SEARCH_PATHS = (
					"$(inherited)",
					"@executable_path/Frameworks",
				);
				PRODUCT_BUNDLE_IDENTIFIER = komal.OfficialVistaValue;
				PRODUCT_NAME = "$(TARGET_NAME)";
				SWIFT_VERSION = 5.0;
				TARGETED_DEVICE_FAMILY = "1,2";
			};
			name = Release;
		};
		6F0ECCD9246C9392009C80BA /* Debug */ = {
			isa = XCBuildConfiguration;
			baseConfigurationReference = 920F7B99707F99C671EF7F31 /* Pods-OfficialVistaValueTests.debug.xcconfig */;
			buildSettings = {
				ALWAYS_EMBED_SWIFT_STANDARD_LIBRARIES = YES;
				BUNDLE_LOADER = "$(TEST_HOST)";
				CODE_SIGN_STYLE = Automatic;
				INFOPLIST_FILE = OfficialVistaValueTests/Info.plist;
				IPHONEOS_DEPLOYMENT_TARGET = 13.2;
				LD_RUNPATH_SEARCH_PATHS = (
					"$(inherited)",
					"@executable_path/Frameworks",
					"@loader_path/Frameworks",
				);
				PRODUCT_BUNDLE_IDENTIFIER = komal.OfficialVistaValueTests;
				PRODUCT_NAME = "$(TARGET_NAME)";
				SWIFT_VERSION = 5.0;
				TARGETED_DEVICE_FAMILY = "1,2";
				TEST_HOST = "$(BUILT_PRODUCTS_DIR)/OfficialVistaValue.app/OfficialVistaValue";
			};
			name = Debug;
		};
		6F0ECCDA246C9392009C80BA /* Release */ = {
			isa = XCBuildConfiguration;
			baseConfigurationReference = F3150F38C49DC68BC9B45146 /* Pods-OfficialVistaValueTests.release.xcconfig */;
			buildSettings = {
				ALWAYS_EMBED_SWIFT_STANDARD_LIBRARIES = YES;
				BUNDLE_LOADER = "$(TEST_HOST)";
				CODE_SIGN_STYLE = Automatic;
				INFOPLIST_FILE = OfficialVistaValueTests/Info.plist;
				IPHONEOS_DEPLOYMENT_TARGET = 13.2;
				LD_RUNPATH_SEARCH_PATHS = (
					"$(inherited)",
					"@executable_path/Frameworks",
					"@loader_path/Frameworks",
				);
				PRODUCT_BUNDLE_IDENTIFIER = komal.OfficialVistaValueTests;
				PRODUCT_NAME = "$(TARGET_NAME)";
				SWIFT_VERSION = 5.0;
				TARGETED_DEVICE_FAMILY = "1,2";
				TEST_HOST = "$(BUILT_PRODUCTS_DIR)/OfficialVistaValue.app/OfficialVistaValue";
			};
			name = Release;
		};
		6F0ECCDC246C9392009C80BA /* Debug */ = {
			isa = XCBuildConfiguration;
			baseConfigurationReference = 674EEC505C3197A080E0627D /* Pods-OfficialVistaValue-OfficialVistaValueUITests.debug.xcconfig */;
			buildSettings = {
				ALWAYS_EMBED_SWIFT_STANDARD_LIBRARIES = YES;
				CODE_SIGN_STYLE = Automatic;
				INFOPLIST_FILE = OfficialVistaValueUITests/Info.plist;
				LD_RUNPATH_SEARCH_PATHS = (
					"$(inherited)",
					"@executable_path/Frameworks",
					"@loader_path/Frameworks",
				);
				PRODUCT_BUNDLE_IDENTIFIER = komal.OfficialVistaValueUITests;
				PRODUCT_NAME = "$(TARGET_NAME)";
				SWIFT_VERSION = 5.0;
				TARGETED_DEVICE_FAMILY = "1,2";
				TEST_TARGET_NAME = OfficialVistaValue;
			};
			name = Debug;
		};
		6F0ECCDD246C9392009C80BA /* Release */ = {
			isa = XCBuildConfiguration;
			baseConfigurationReference = CB29E76CF3EEE81B55281390 /* Pods-OfficialVistaValue-OfficialVistaValueUITests.release.xcconfig */;
			buildSettings = {
				ALWAYS_EMBED_SWIFT_STANDARD_LIBRARIES = YES;
				CODE_SIGN_STYLE = Automatic;
				INFOPLIST_FILE = OfficialVistaValueUITests/Info.plist;
				LD_RUNPATH_SEARCH_PATHS = (
					"$(inherited)",
					"@executable_path/Frameworks",
					"@loader_path/Frameworks",
				);
				PRODUCT_BUNDLE_IDENTIFIER = komal.OfficialVistaValueUITests;
				PRODUCT_NAME = "$(TARGET_NAME)";
				SWIFT_VERSION = 5.0;
				TARGETED_DEVICE_FAMILY = "1,2";
				TEST_TARGET_NAME = OfficialVistaValue;
			};
			name = Release;
		};
/* End XCBuildConfiguration section */

/* Begin XCConfigurationList section */
		6F0ECCA6246C9390009C80BA /* Build configuration list for PBXProject "OfficialVistaValue" */ = {
			isa = XCConfigurationList;
			buildConfigurations = (
				6F0ECCD3246C9392009C80BA /* Debug */,
				6F0ECCD4246C9392009C80BA /* Release */,
			);
			defaultConfigurationIsVisible = 0;
			defaultConfigurationName = Release;
		};
		6F0ECCD5246C9392009C80BA /* Build configuration list for PBXNativeTarget "OfficialVistaValue" */ = {
			isa = XCConfigurationList;
			buildConfigurations = (
				6F0ECCD6246C9392009C80BA /* Debug */,
				6F0ECCD7246C9392009C80BA /* Release */,
			);
			defaultConfigurationIsVisible = 0;
			defaultConfigurationName = Release;
		};
		6F0ECCD8246C9392009C80BA /* Build configuration list for PBXNativeTarget "OfficialVistaValueTests" */ = {
			isa = XCConfigurationList;
			buildConfigurations = (
				6F0ECCD9246C9392009C80BA /* Debug */,
				6F0ECCDA246C9392009C80BA /* Release */,
			);
			defaultConfigurationIsVisible = 0;
			defaultConfigurationName = Release;
		};
		6F0ECCDB246C9392009C80BA /* Build configuration list for PBXNativeTarget "OfficialVistaValueUITests" */ = {
			isa = XCConfigurationList;
			buildConfigurations = (
				6F0ECCDC246C9392009C80BA /* Debug */,
				6F0ECCDD246C9392009C80BA /* Release */,
			);
			defaultConfigurationIsVisible = 0;
			defaultConfigurationName = Release;
		};
/* End XCConfigurationList section */
	};
	rootObject = 6F0ECCA3246C9390009C80BA /* Project object */;
}
